Microsoft Visual Studio Solution File, Format Version 12.00
# Visual Studio Version 17
VisualStudioVersion = 17.5.2.0
MinimumVisualStudioVersion = 10.0.40219.1
Project("{FAE04EC0-301F-11D3-BF4B-00C04F79EFBC}") = "EchoFramework", "EchoFramework\EchoFramework.csproj", "{00755285-A1FB-4DDB-72B5-89ED6432CD55}"
EndProject
Project("{FAE04EC0-301F-11D3-BF4B-00C04F79EFBC}") = "SampleGame", "SampleGame\SampleGame.csproj", "{B8833A21-9D48-6987-8CD6-253F34890718}"
EndProject
Global
	GlobalSection(SolutionConfigurationPlatforms) = preSolution
		Debug|Any CPU = Debug|Any CPU
		Release|Any CPU = Release|Any CPU
	EndGlobalSection
	GlobalSection(ProjectConfigurationPlatforms) = postSolution
		{00755285-A1FB-4DDB-72B5-89ED6432CD55}.Debug|Any CPU.ActiveCfg = Debug|Any CPU
		{00755285-A1FB-4DDB-72B5-89ED6432CD55}.Debug|Any CPU.Build.0 = Debug|Any CPU
		{00755285-A1FB-4DDB-72B5-89ED6432CD55}.Release|Any CPU.ActiveCfg = Release|Any CPU
		{00755285-A1FB-4DDB-72B5-89ED6432CD55}.Release|Any CPU.Build.0 = Release|Any CPU
		{B8833A21-9D48-6987-8CD6-253F34890718}.Debug|Any CPU.ActiveCfg = Debug|Any CPU
		{B8833A21-9D48-6987-8CD6-253F34890718}.Debug|Any CPU.Build.0 = Debug|Any CPU
		{B8833A21-9D48-6987-8CD6-253F34890718}.Release|Any CPU.ActiveCfg = Release|Any CPU
		{B8833A21-9D48-6987-8CD6-253F34890718}.Release|Any CPU.Build.0 = Release|Any CPU
	EndGlobalSection
	GlobalSection(SolutionProperties) = preSolution
		HideSolutionNode = FALSE
	EndGlobalSection
	GlobalSection(ExtensibilityGlobals) = postSolution
		SolutionGuid = {38C034F8-339F-44E1-BCD0-5F56A7716D49}
	EndGlobalSection
EndGlobal
